
Microsoft Visual Studio Solution File, Format Version 12.00
# Visual Studio Version 17
VisualStudioVersion = 17.9.34622.214
MinimumVisualStudioVersion = 10.0.40219.1
Project("{9A19103F-16F7-4668-BE54-9A1E7A4F7556}") = "OrderService", "OrderService.csproj", "{5659B655-026B-4985-B4CC-0D77292BEF51}"
EndProject
Global
	GlobalSection(SolutionConfigurationPlatforms) = preSolution
		Debug|Any CPU = Debug|Any CPU
		Release|Any CPU = Release|Any CPU
	EndGlobalSection
	GlobalSection(ProjectConfigurationPlatforms) = postSolution
		{5659B655-026B-4985-B4CC-0D77292BEF51}.Debug|Any CPU.ActiveCfg = Debug|Any CPU
		{5659B655-026B-4985-B4CC-0D77292BEF51}.Debug|Any CPU.Build.0 = Debug|Any CPU
		{5659B655-026B-4985-B4CC-0D77292BEF51}.Release|Any CPU.ActiveCfg = Release|Any CPU
		{5659B655-026B-4985-B4CC-0D77292BEF51}.Release|Any CPU.Build.0 = Release|Any CPU
	EndGlobalSection
	GlobalSection(SolutionProperties) = preSolution
		HideSolutionNode = FALSE
	EndGlobalSection
	GlobalSection(ExtensibilityGlobals) = postSolution
		SolutionGuid = {B395ADA4-8CA1-4844-954A-33B9C99C16B7}
	EndGlobalSection
EndGlobal
